# This file is automatically @generated by Poetry 1.6.1 and should not be changed by hand.

[[package]]
name = "ccalogging"
version = "0.4.4"
description = "python module for easy logging"
optional = false
python-versions = ">=3"
files = [
    {file = "ccalogging-0.4.4-py3-none-any.whl", hash = "sha256:2072d038d50f222808d9aa2d21b8b9782adf6dbc031c1ea5bd03a51e25e67e16"},
    {file = "ccalogging-0.4.4.tar.gz", hash = "sha256:f5b207583fc9b0436691d6f6ce675f0c0101ff621b460ba027b7a9d38e7635b2"},
]

[metadata]
lock-version = "2.0"
python-versions = "^3.11"
content-hash = "384899c0422933e3cd8761f9f016f2c9f5079654dab805bd68d3a40afc3cce64"
